
Microsoft Visual Studio Solution File, Format Version 12.00
Project("{FAE04EC0-301F-11D3-BF4B-00C04F79EFBC}") = "Przyklad1", "Przyklad1.csproj", "{DB4EA483-FEF7-40C8-A2CA-A6ADE44520F1}"
EndProject
Global
	GlobalSection(SolutionConfigurationPlatforms) = preSolution
		Debug|Any CPU = Debug|Any CPU
		Release|Any CPU = Release|Any CPU
	EndGlobalSection
	GlobalSection(ProjectConfigurationPlatforms) = postSolution
		{DB4EA483-FEF7-40C8-A2CA-A6ADE44520F1}.Debug|Any CPU.ActiveCfg = Debug|Any CPU
		{DB4EA483-FEF7-40C8-A2CA-A6ADE44520F1}.Debug|Any CPU.Build.0 = Debug|Any CPU
		{DB4EA483-FEF7-40C8-A2CA-A6ADE44520F1}.Release|Any CPU.ActiveCfg = Release|Any CPU
		{DB4EA483-FEF7-40C8-A2CA-A6ADE44520F1}.Release|Any CPU.Build.0 = Release|Any CPU
	EndGlobalSection
EndGlobal
